// !$*UTF8*$!
{
	archiveVersion = 1;
	classes = {
	};
	objectVersion = 55;
	objects = {

/* Begin PBXBuildFile section */
		52561B8028B1E37E00FEA0E0 /* main.m in Sources */ = {isa = PBXBuildFile; fileRef = 52561B7F28B1E37E00FEA0E0 /* main.m */; };
		52561B8C28B1E3B900FEA0E0 /* SortingDemo.m in Sources */ = {isa = PBXBuildFile; fileRef = 52561B8628B1E3B800FEA0E0 /* SortingDemo.m */; };
		52561B8D28B1E3B900FEA0E0 /* BlockAndContainerDemo.m in Sources */ = {isa = PBXBuildFile; fileRef = 52561B8728B1E3B900FEA0E0 /* BlockAndContainerDemo.m */; };
		52561B8E28B1E3B900FEA0E0 /* PropertyDemo.m in Sources */ = {isa = PBXBuildFile; fileRef = 52561B8A28B1E3B900FEA0E0 /* PropertyDemo.m */; };
/* End PBXBuildFile section */

/* Begin PBXCopyFilesBuildPhase section */
		52561B7A28B1E37E00FEA0E0 /* CopyFiles */ = {
			isa = PBXCopyFilesBuildPhase;
			buildActionMask = 2147483647;
			dstPath = /usr/share/man/man1/;
			dstSubfolderSpec = 0;
			files = (
			);
			runOnlyForDeploymentPostprocessing = 1;
		};
/* End PBXCopyFilesBuildPhase section */

/* Begin PBXFileReference section */
		52561B7C28B1E37E00FEA0E0 /* Tianqi Assignment 1 */ = {isa = PBXFileReference; explicitFileType = "compiled.mach-o.executable"; includeInIndex = 0; path = "Tianqi Assignment 1"; sourceTree = BUILT_PRODUCTS_DIR; };
		52561B7F28B1E37E00FEA0E0 /* main.m */ = {isa = PBXFileReference; lastKnownFileType = sourcecode.c.objc; path = main.m; sourceTree = "<group>"; };
		52561B8628B1E3B800FEA0E0 /* SortingDemo.m */ = {isa = PBXFileReference; fileEncoding = 4; lastKnownFileType = sourcecode.c.objc; path = SortingDemo.m; sourceTree = "<group>"; };
		52561B8728B1E3B900FEA0E0 /* BlockAndContainerDemo.m */ = {isa = PBXFileReference; fileEncoding = 4; lastKnownFileType = sourcecode.c.objc; path = BlockAndContainerDemo.m; sourceTree = "<group>"; };
		52561B8828B1E3B900FEA0E0 /* BlockAndContainerDemo.h */ = {isa = PBXFileReference; fileEncoding = 4; lastKnownFileType = sourcecode.c.h; path = BlockAndContainerDemo.h; sourceTree = "<group>"; };
		52561B8928B1E3B900FEA0E0 /* PropertyDemo.h */ = {isa = PBXFileReference; fileEncoding = 4; lastKnownFileType = sourcecode.c.h; path = PropertyDemo.h; sourceTree = "<group>"; };
		52561B8A28B1E3B900FEA0E0 /* PropertyDemo.m */ = {isa = PBXFileReference; fileEncoding = 4; lastKnownFileType = sourcecode.c.objc; path = PropertyDemo.m; sourceTree = "<group>"; };
		52561B8B28B1E3B900FEA0E0 /* SortingDemo.h */ = {isa = PBXFileReference; fileEncoding = 4; lastKnownFileType = sourcecode.c.h; path = SortingDemo.h; sourceTree = "<group>"; };
/* End PBXFileReference section */

/* Begin PBXFrameworksBuildPhase section */
		52561B7928B1E37E00FEA0E0 /* Frameworks */ = {
			isa = PBXFrameworksBuildPhase;
			buildActionMask = 2147483647;
			files = (
			);
			runOnlyForDeploymentPostprocessing = 0;
		};
/* End PBXFrameworksBuildPhase section */

/* Begin PBXGroup section */
		52561B7328B1E37E00FEA0E0 = {
			isa = PBXGroup;
			children = (
				52561B7E28B1E37E00FEA0E0 /* Tianqi Assignment 1 */,
				52561B7D28B1E37E00FEA0E0 /* Products */,
			);
			sourceTree = "<group>";
		};
		52561B7D28B1E37E00FEA0E0 /* Products */ = {
			isa = PBXGroup;
			children = (
				52561B7C28B1E37E00FEA0E0 /* Tianqi Assignment 1 */,
			);
			name = Products;
			sourceTree = "<group>";
		};
		52561B7E28B1E37E00FEA0E0 /* Tianqi Assignment 1 */ = {
			isa = PBXGroup;
			children = (
				52561B7F28B1E37E00FEA0E0 /* main.m */,
				52561B8828B1E3B900FEA0E0 /* BlockAndContainerDemo.h */,
				52561B8728B1E3B900FEA0E0 /* BlockAndContainerDemo.m */,
				52561B8928B1E3B900FEA0E0 /* PropertyDemo.h */,
				52561B8A28B1E3B900FEA0E0 /* PropertyDemo.m */,
				52561B8B28B1E3B900FEA0E0 /* SortingDemo.h */,
				52561B8628B1E3B800FEA0E0 /* SortingDemo.m */,
			);
			path = "Tianqi Assignment 1";
			sourceTree = "<group>";
		};
/* End PBXGroup section */

/* Begin PBXNativeTarget section */
		52561B7B28B1E37E00FEA0E0 /* Tianqi Assignment 1 */ = {
			isa = PBXNativeTarget;
			buildConfigurationList = 52561B8328B1E37E00FEA0E0 /* Build configuration list for PBXNativeTarget "Tianqi Assignment 1" */;
			buildPhases = (
				52561B7828B1E37E00FEA0E0 /* Sources */,
				52561B7928B1E37E00FEA0E0 /* Frameworks */,
				52561B7A28B1E37E00FEA0E0 /* CopyFiles */,
			);
			buildRules = (
			);
			dependencies = (
			);
			name = "Tianqi Assignment 1";
			productName = "Tianqi Assignment 1";
			productReference = 52561B7C28B1E37E00FEA0E0 /* Tianqi Assignment 1 */;
			productType = "com.apple.product-type.tool";
		};
/* End PBXNativeTarget section */

/* Begin PBXProject section */
		52561B7428B1E37E00FEA0E0 /* Project object */ = {
			isa = PBXProject;
			attributes = {
				BuildIndependentTargetsInParallel = 1;
				LastUpgradeCheck = 1340;
				TargetAttributes = {
					52561B7B28B1E37E00FEA0E0 = {
						CreatedOnToolsVersion = 13.4.1;
					};
				};
			};
			buildConfigurationList = 52561B7728B1E37E00FEA0E0 /* Build configuration list for PBXProject "Tianqi Assignment 1" */;
			compatibilityVersion = "Xcode 13.0";
			developmentRegion = en;
			hasScannedForEncodings = 0;
			knownRegions = (
				en,
				Base,
			);
			mainGroup = 52561B7328B1E37E00FEA0E0;
			productRefGroup = 52561B7D28B1E37E00FEA0E0 /* Products */;
			projectDirPath = "";
			projectRoot = "";
			targets = (
				52561B7B28B1E37E00FEA0E0 /* Tianqi Assignment 1 */,
			);
		};
/* End PBXProject section */

/* Begin PBXSourcesBuildPhase section */
		52561B7828B1E37E00FEA0E0 /* Sources */ = {
			isa = PBXSourcesBuildPhase;
			buildActionMask = 2147483647;
			files = (
				52561B8D28B1E3B900FEA0E0 /* BlockAndContainerDemo.m in Sources */,
				52561B8028B1E37E00FEA0E0 /* main.m in Sources */,
				52561B8C28B1E3B900FEA0E0 /* SortingDemo.m in Sources */,
				52561B8E28B1E3B900FEA0E0 /* PropertyDemo.m in Sources */,
			);
			runOnlyForDeploymentPostprocessing = 0;
		};
/* End PBXSourcesBuildPhase section */

/* Begin XCBuildConfiguration section */
		52561B8128B1E37E00FEA0E0 /* Debug */ = {
			isa = XCBuildConfiguration;
			buildSettings = {
				ALWAYS_SEARCH_USER_PATHS = NO;
				CLANG_ANALYZER_NONNULL = YES;
				CLANG_ANALYZER_NUMBER_OBJECT_CONVERSION = YES_AGGRESSIVE;
				CLANG_CXX_LANGUAGE_STANDARD = "gnu++17";
				CLANG_ENABLE_MODULES = YES;
				CLANG_ENABLE_OBJC_ARC = YES;
				CLANG_ENABLE_OBJC_WEAK = YES;
				CLANG_WARN_BLOCK_CAPTURE_AUTORELEASING = YES;
				CLANG_WARN_BOOL_CONVERSION = YES;
				CLANG_WARN_COMMA = YES;
				CLANG_WARN_CONSTANT_CONVERSION = YES;
				CLANG_WARN_DEPRECATED_OBJC_IMPLEMENTATIONS = YES;
				CLANG_WARN_DIRECT_OBJC_ISA_USAGE = YES_ERROR;
				CLANG_WARN_DOCUMENTATION_COMMENTS = YES;
				CLANG_WARN_EMPTY_BODY = YES;
				CLANG_WARN_ENUM_CONVERSION = YES;
				CLANG_WARN_INFINITE_RECURSION = YES;
				CLANG_WARN_INT_CONVERSION = YES;
				CLANG_WARN_NON_LITERAL_NULL_CONVERSION = YES;
				CLANG_WARN_OBJC_IMPLICIT_RETAIN_SELF = YES;
				CLANG_WARN_OBJC_LITERAL_CONVERSION = YES;
				CLANG_WARN_OBJC_ROOT_CLASS = YES_ERROR;
				CLANG_WARN_QUOTED_INCLUDE_IN_FRAMEWORK_HEADER = YES;
				CLANG_WARN_RANGE_LOOP_ANALYSIS = YES;
				CLANG_WARN_STRICT_PROTOTYPES = YES;
				CLANG_WARN_SUSPICIOUS_MOVE = YES;
				CLANG_WARN_UNGUARDED_AVAILABILITY = YES_AGGRESSIVE;
				CLANG_WARN_UNREACHABLE_CODE = YES;
				CLANG_WARN__DUPLICATE_METHOD_MATCH = YES;
				COPY_PHASE_STRIP = NO;
				DEBUG_INFORMATION_FORMAT = dwarf;
				ENABLE_STRICT_OBJC_MSGSEND = YES;
				ENABLE_TESTABILITY = YES;
				GCC_C_LANGUAGE_STANDARD = gnu11;
				GCC_DYNAMIC_NO_PIC = NO;
				GCC_NO_COMMON_BLOCKS = YES;
				GCC_OPTIMIZATION_LEVEL = 0;
				GCC_PREPROCESSOR_DEFINITIONS = (
					"DEBUG=1",
					"$(inherited)",
				);
				GCC_WARN_64_TO_32_BIT_CONVERSION = YES;
				GCC_WARN_ABOUT_RETURN_TYPE = YES_ERROR;
				GCC_WARN_UNDECLARED_SELECTOR = YES;
				GCC_WARN_UNINITIALIZED_AUTOS = YES_AGGRESSIVE;
				GCC_WARN_UNUSED_FUNCTION = YES;
				GCC_WARN_UNUSED_VARIABLE = YES;
				MACOSX_DEPLOYMENT_TARGET = 12.3;
				MTL_ENABLE_DEBUG_INFO = INCLUDE_SOURCE;
				MTL_FAST_MATH = YES;
				ONLY_ACTIVE_ARCH = YES;
				SDKROOT = macosx;
			};
			name = Debug;
		};
		52561B8228B1E37E00FEA0E0 /* Release */ = {
			isa = XCBuildConfiguration;
			buildSettings = {
				ALWAYS_SEARCH_USER_PATHS = NO;
				CLANG_ANALYZER_NONNULL = YES;
				CLANG_ANALYZER_NUMBER_OBJECT_CONVERSION = YES_AGGRESSIVE;
				CLANG_CXX_LANGUAGE_STANDARD = "gnu++17";
				CLANG_ENABLE_MODULES = YES;
				CLANG_ENABLE_OBJC_ARC = YES;
				CLANG_ENABLE_OBJC_WEAK = YES;
				CLANG_WARN_BLOCK_CAPTURE_AUTORELEASING = YES;
				CLANG_WARN_BOOL_CONVERSION = YES;
				CLANG_WARN_COMMA = YES;
				CLANG_WARN_CONSTANT_CONVERSION = YES;
				CLANG_WARN_DEPRECATED_OBJC_IMPLEMENTATIONS = YES;
				CLANG_WARN_DIRECT_OBJC_ISA_USAGE = YES_ERROR;
				CLANG_WARN_DOCUMENTATION_COMMENTS = YES;
				CLANG_WARN_EMPTY_BODY = YES;
				CLANG_WARN_ENUM_CONVERSION = YES;
				CLANG_WARN_INFINITE_RECURSION = YES;
				CLANG_WARN_INT_CONVERSION = YES;
				CLANG_WARN_NON_LITERAL_NULL_CONVERSION = YES;
				CLANG_WARN_OBJC_IMPLICIT_RETAIN_SELF = YES;
				CLANG_WARN_OBJC_LITERAL_CONVERSION = YES;
				CLANG_WARN_OBJC_ROOT_CLASS = YES_ERROR;
				CLANG_WARN_QUOTED_INCLUDE_IN_FRAMEWORK_HEADER = YES;
				CLANG_WARN_RANGE_LOOP_ANALYSIS = YES;
				CLANG_WARN_STRICT_PROTOTYPES = YES;
				CLANG_WARN_SUSPICIOUS_MOVE = YES;
				CLANG_WARN_UNGUARDED_AVAILABILITY = YES_AGGRESSIVE;
				CLANG_WARN_UNREACHABLE_CODE = YES;
				CLANG_WARN__DUPLICATE_METHOD_MATCH = YES;
				COPY_PHASE_STRIP = NO;
				DEBUG_INFORMATION_FORMAT = "dwarf-with-dsym";
				ENABLE_NS_ASSERTIONS = NO;
				ENABLE_STRICT_OBJC_MSGSEND = YES;
				GCC_C_LANGUAGE_STANDARD = gnu11;
				GCC_NO_COMMON_BLOCKS = YES;
				GCC_WARN_64_TO_32_BIT_CONVERSION = YES;
				GCC_WARN_ABOUT_RETURN_TYPE = YES_ERROR;
				GCC_WARN_UNDECLARED_SELECTOR = YES;
				GCC_WARN_UNINITIALIZED_AUTOS = YES_AGGRESSIVE;
				GCC_WARN_UNUSED_FUNCTION = YES;
				GCC_WARN_UNUSED_VARIABLE = YES;
				MACOSX_DEPLOYMENT_TARGET = 12.3;
				MTL_ENABLE_DEBUG_INFO = NO;
				MTL_FAST_MATH = YES;
				SDKROOT = macosx;
			};
			name = Release;
		};
		52561B8428B1E37E00FEA0E0 /* Debug */ = {
			isa = XCBuildConfiguration;
			buildSettings = {
				CODE_SIGN_STYLE = Automatic;
				PRODUCT_NAME = "$(TARGET_NAME)";
			};
			name = Debug;
		};
		52561B8528B1E37E00FEA0E0 /* Release */ = {
			isa = XCBuildConfiguration;
			buildSettings = {
				CODE_SIGN_STYLE = Automatic;
				PRODUCT_NAME = "$(TARGET_NAME)";
			};
			name = Release;
		};
/* End XCBuildConfiguration section */

/* Begin XCConfigurationList section */
		52561B7728B1E37E00FEA0E0 /* Build configuration list for PBXProject "Tianqi Assignment 1" */ = {
			isa = XCConfigurationList;
			buildConfigurations = (
				52561B8128B1E37E00FEA0E0 /* Debug */,
				52561B8228B1E37E00FEA0E0 /* Release */,
			);
			defaultConfigurationIsVisible = 0;
			defaultConfigurationName = Release;
		};
		52561B8328B1E37E00FEA0E0 /* Build configuration list for PBXNativeTarget "Tianqi Assignment 1" */ = {
			isa = XCConfigurationList;
			buildConfigurations = (
				52561B8428B1E37E00FEA0E0 /* Debug */,
				52561B8528B1E37E00FEA0E0 /* Release */,
			);
			defaultConfigurationIsVisible = 0;
			defaultConfigurationName = Release;
		};
/* End XCConfigurationList section */
	};
	rootObject = 52561B7428B1E37E00FEA0E0 /* Project object */;
}
